
Microsoft Visual Studio Solution File, Format Version 12.00
# Visual Studio Version 16
VisualStudioVersion = 16.0.30804.86
MinimumVisualStudioVersion = 10.0.40219.1
Project("{9A19103F-16F7-4668-BE54-9A1E7A4F7556}") = "TVAssinatura.Dominio", "TVAssinatura.Dominio\TVAssinatura.Dominio.csproj", "{EF6D2D63-249E-4531-BEDB-182F88168B13}"
EndProject
Project("{9A19103F-16F7-4668-BE54-9A1E7A4F7556}") = "TVAssinatura.Dominio.TestesDeUnidade", "TVAssinatura.Dominio.TestesDeUnidade\TVAssinatura.Dominio.TestesDeUnidade.csproj", "{C8A6AE2F-B000-4BC0-B611-A4D322401632}"
	ProjectSection(ProjectDependencies) = postProject
		{EF6D2D63-249E-4531-BEDB-182F88168B13} = {EF6D2D63-249E-4531-BEDB-182F88168B13}
	EndProjectSection
EndProject
Project("{9A19103F-16F7-4668-BE54-9A1E7A4F7556}") = "TVAssinatura.Dados", "TVAssinatura.Dados\TVAssinatura.Dados.csproj", "{D11AAB0E-2375-4CEA-8493-4FCA720B9846}"
EndProject
Project("{9A19103F-16F7-4668-BE54-9A1E7A4F7556}") = "TVAssinatura.Aplicacao", "TVAssinatura.Aplicacao\TVAssinatura.Aplicacao.csproj", "{01B3A76D-1B8F-4538-A4C8-83AD372455BC}"
	ProjectSection(ProjectDependencies) = postProject
		{D11AAB0E-2375-4CEA-8493-4FCA720B9846} = {D11AAB0E-2375-4CEA-8493-4FCA720B9846}
	EndProjectSection
EndProject
Project("{FAE04EC0-301F-11D3-BF4B-00C04F79EFBC}") = "TVAssinatura.Ioc", "TvAssinatura.Ioc\TVAssinatura.Ioc\TVAssinatura.Ioc.csproj", "{D731B8C4-1762-4EB8-A79D-85BE02FCFA9C}"
EndProject
Global
	GlobalSection(SolutionConfigurationPlatforms) = preSolution
		Debug|Any CPU = Debug|Any CPU
		Release|Any CPU = Release|Any CPU
	EndGlobalSection
	GlobalSection(ProjectConfigurationPlatforms) = postSolution
		{EF6D2D63-249E-4531-BEDB-182F88168B13}.Debug|Any CPU.ActiveCfg = Debug|Any CPU
		{EF6D2D63-249E-4531-BEDB-182F88168B13}.Debug|Any CPU.Build.0 = Debug|Any CPU
		{EF6D2D63-249E-4531-BEDB-182F88168B13}.Release|Any CPU.ActiveCfg = Release|Any CPU
		{EF6D2D63-249E-4531-BEDB-182F88168B13}.Release|Any CPU.Build.0 = Release|Any CPU
		{C8A6AE2F-B000-4BC0-B611-A4D322401632}.Debug|Any CPU.ActiveCfg = Debug|Any CPU
		{C8A6AE2F-B000-4BC0-B611-A4D322401632}.Debug|Any CPU.Build.0 = Debug|Any CPU
		{C8A6AE2F-B000-4BC0-B611-A4D322401632}.Release|Any CPU.ActiveCfg = Release|Any CPU
		{C8A6AE2F-B000-4BC0-B611-A4D322401632}.Release|Any CPU.Build.0 = Release|Any CPU
		{D11AAB0E-2375-4CEA-8493-4FCA720B9846}.Debug|Any CPU.ActiveCfg = Debug|Any CPU
		{D11AAB0E-2375-4CEA-8493-4FCA720B9846}.Debug|Any CPU.Build.0 = Debug|Any CPU
		{D11AAB0E-2375-4CEA-8493-4FCA720B9846}.Release|Any CPU.ActiveCfg = Release|Any CPU
		{D11AAB0E-2375-4CEA-8493-4FCA720B9846}.Release|Any CPU.Build.0 = Release|Any CPU
		{01B3A76D-1B8F-4538-A4C8-83AD372455BC}.Debug|Any CPU.ActiveCfg = Debug|Any CPU
		{01B3A76D-1B8F-4538-A4C8-83AD372455BC}.Debug|Any CPU.Build.0 = Debug|Any CPU
		{01B3A76D-1B8F-4538-A4C8-83AD372455BC}.Release|Any CPU.ActiveCfg = Release|Any CPU
		{01B3A76D-1B8F-4538-A4C8-83AD372455BC}.Release|Any CPU.Build.0 = Release|Any CPU
		{D731B8C4-1762-4EB8-A79D-85BE02FCFA9C}.Debug|Any CPU.ActiveCfg = Debug|Any CPU
		{D731B8C4-1762-4EB8-A79D-85BE02FCFA9C}.Debug|Any CPU.Build.0 = Debug|Any CPU
		{D731B8C4-1762-4EB8-A79D-85BE02FCFA9C}.Release|Any CPU.ActiveCfg = Release|Any CPU
		{D731B8C4-1762-4EB8-A79D-85BE02FCFA9C}.Release|Any CPU.Build.0 = Release|Any CPU
	EndGlobalSection
	GlobalSection(SolutionProperties) = preSolution
		HideSolutionNode = FALSE
	EndGlobalSection
	GlobalSection(ExtensibilityGlobals) = postSolution
		SolutionGuid = {D44E2CC7-5A73-4541-B8E1-FD8C8265EA35}
	EndGlobalSection
EndGlobal
